// !$*UTF8*$!
{
	archiveVersion = 1;
	classes = {
	};
	objectVersion = 55;
	objects = {

/* Begin PBXBuildFile section */
		57BD7FA3947BF1C06EB20603 /* Pods_AmazonDynamo.framework in Frameworks */ = {isa = PBXBuildFile; fileRef = DE99CAB8B35B9046F27A5277 /* Pods_AmazonDynamo.framework */; };
		D99B3DF52944A75300F3EAE8 /* AmazonDynamoApp.swift in Sources */ = {isa = PBXBuildFile; fileRef = D99B3DF42944A75300F3EAE8 /* AmazonDynamoApp.swift */; };
		D99B3DF92944A75600F3EAE8 /* Assets.xcassets in Resources */ = {isa = PBXBuildFile; fileRef = D99B3DF82944A75600F3EAE8 /* Assets.xcassets */; };
		D99B3DFC2944A75600F3EAE8 /* Preview Assets.xcassets in Resources */ = {isa = PBXBuildFile; fileRef = D99B3DFB2944A75600F3EAE8 /* Preview Assets.xcassets */; };
		D99B3E0C2944ABA100F3EAE8 /* Methods.swift in Sources */ = {isa = PBXBuildFile; fileRef = D99B3E0B2944ABA100F3EAE8 /* Methods.swift */; };
		D99B3E102944ABCB00F3EAE8 /* NetworkManager.swift in Sources */ = {isa = PBXBuildFile; fileRef = D99B3E0F2944ABCB00F3EAE8 /* NetworkManager.swift */; };
		D99B3E122944ABEC00F3EAE8 /* NetworkManagable.swift in Sources */ = {isa = PBXBuildFile; fileRef = D99B3E112944ABEC00F3EAE8 /* NetworkManagable.swift */; };
		D99B3E142944AC0E00F3EAE8 /* NetworkServiceType.swift in Sources */ = {isa = PBXBuildFile; fileRef = D99B3E132944AC0E00F3EAE8 /* NetworkServiceType.swift */; };
		D99B3E162944AC2900F3EAE8 /* NetworkError.swift in Sources */ = {isa = PBXBuildFile; fileRef = D99B3E152944AC2900F3EAE8 /* NetworkError.swift */; };
		D99B3E1A2944AC5F00F3EAE8 /* Data.swift in Sources */ = {isa = PBXBuildFile; fileRef = D99B3E192944AC5F00F3EAE8 /* Data.swift */; };
		D99B3E1E2944ADB600F3EAE8 /* ProductsAPI.swift in Sources */ = {isa = PBXBuildFile; fileRef = D99B3E1D2944ADB600F3EAE8 /* ProductsAPI.swift */; };
		D99B3E202944ADFC00F3EAE8 /* ProductsRepository.swift in Sources */ = {isa = PBXBuildFile; fileRef = D99B3E1F2944ADFC00F3EAE8 /* ProductsRepository.swift */; };
		D99B3E222944AE1C00F3EAE8 /* ProductsRepositoryProtocol.swift in Sources */ = {isa = PBXBuildFile; fileRef = D99B3E212944AE1C00F3EAE8 /* ProductsRepositoryProtocol.swift */; };
		D99B3E272944AE9D00F3EAE8 /* ProductsResultResponse.swift in Sources */ = {isa = PBXBuildFile; fileRef = D99B3E262944AE9D00F3EAE8 /* ProductsResultResponse.swift */; };
		D99B3E292944AEB900F3EAE8 /* ProductResponse.swift in Sources */ = {isa = PBXBuildFile; fileRef = D99B3E282944AEB900F3EAE8 /* ProductResponse.swift */; };
		D99B3E2D2944AFD200F3EAE8 /* Product.swift in Sources */ = {isa = PBXBuildFile; fileRef = D99B3E2C2944AFD100F3EAE8 /* Product.swift */; };
		D99B3E2F2944B01B00F3EAE8 /* Typealias.swift in Sources */ = {isa = PBXBuildFile; fileRef = D99B3E2E2944B01B00F3EAE8 /* Typealias.swift */; };
		D99B3E312944B03E00F3EAE8 /* ProductsViewModelProtocol.swift in Sources */ = {isa = PBXBuildFile; fileRef = D99B3E302944B03E00F3EAE8 /* ProductsViewModelProtocol.swift */; };
		D99B3E332944B07500F3EAE8 /* ProductsViewModel.swift in Sources */ = {isa = PBXBuildFile; fileRef = D99B3E322944B07500F3EAE8 /* ProductsViewModel.swift */; };
		D99B3E362944B1D400F3EAE8 /* ProductsView.swift in Sources */ = {isa = PBXBuildFile; fileRef = D99B3E352944B1D400F3EAE8 /* ProductsView.swift */; };
		D99B3E382944B1F500F3EAE8 /* DisplayStyle.swift in Sources */ = {isa = PBXBuildFile; fileRef = D99B3E372944B1F500F3EAE8 /* DisplayStyle.swift */; };
		D99B3E3B2944B21F00F3EAE8 /* LoadingView.swift in Sources */ = {isa = PBXBuildFile; fileRef = D99B3E3A2944B21F00F3EAE8 /* LoadingView.swift */; };
		D99B3E3D2944B26900F3EAE8 /* ProductsGridView.swift in Sources */ = {isa = PBXBuildFile; fileRef = D99B3E3C2944B26900F3EAE8 /* ProductsGridView.swift */; };
		D99B3E3F2944B28200F3EAE8 /* ProductDetailsView.swift in Sources */ = {isa = PBXBuildFile; fileRef = D99B3E3E2944B28200F3EAE8 /* ProductDetailsView.swift */; };
		D99B3E412944B29A00F3EAE8 /* ProductView.swift in Sources */ = {isa = PBXBuildFile; fileRef = D99B3E402944B29A00F3EAE8 /* ProductView.swift */; };
		D99B3E432944B2AD00F3EAE8 /* ProductGridView.swift in Sources */ = {isa = PBXBuildFile; fileRef = D99B3E422944B2AD00F3EAE8 /* ProductGridView.swift */; };
		D99B3E452944B2C200F3EAE8 /* ProductsListView.swift in Sources */ = {isa = PBXBuildFile; fileRef = D99B3E442944B2C200F3EAE8 /* ProductsListView.swift */; };
		D99B3E472944B2F600F3EAE8 /* Date.swift in Sources */ = {isa = PBXBuildFile; fileRef = D99B3E462944B2F600F3EAE8 /* Date.swift */; };
/* End PBXBuildFile section */

/* Begin PBXFileReference section */
		5BEBE069022BD0527BD84351 /* Pods-AmazonDynamo.release.xcconfig */ = {isa = PBXFileReference; includeInIndex = 1; lastKnownFileType = text.xcconfig; name = "Pods-AmazonDynamo.release.xcconfig"; path = "Target Support Files/Pods-AmazonDynamo/Pods-AmazonDynamo.release.xcconfig"; sourceTree = "<group>"; };
		71A0210296B7A296E6B79120 /* Pods-AmazonDynamo.debug.xcconfig */ = {isa = PBXFileReference; includeInIndex = 1; lastKnownFileType = text.xcconfig; name = "Pods-AmazonDynamo.debug.xcconfig"; path = "Target Support Files/Pods-AmazonDynamo/Pods-AmazonDynamo.debug.xcconfig"; sourceTree = "<group>"; };
		D99B3DF12944A75300F3EAE8 /* AmazonDynamo.app */ = {isa = PBXFileReference; explicitFileType = wrapper.application; includeInIndex = 0; path = AmazonDynamo.app; sourceTree = BUILT_PRODUCTS_DIR; };
		D99B3DF42944A75300F3EAE8 /* AmazonDynamoApp.swift */ = {isa = PBXFileReference; lastKnownFileType = sourcecode.swift; path = AmazonDynamoApp.swift; sourceTree = "<group>"; };
		D99B3DF82944A75600F3EAE8 /* Assets.xcassets */ = {isa = PBXFileReference; lastKnownFileType = folder.assetcatalog; path = Assets.xcassets; sourceTree = "<group>"; };
		D99B3DFB2944A75600F3EAE8 /* Preview Assets.xcassets */ = {isa = PBXFileReference; lastKnownFileType = folder.assetcatalog; path = "Preview Assets.xcassets"; sourceTree = "<group>"; };
		D99B3E0B2944ABA100F3EAE8 /* Methods.swift */ = {isa = PBXFileReference; lastKnownFileType = sourcecode.swift; path = Methods.swift; sourceTree = "<group>"; };
		D99B3E0F2944ABCB00F3EAE8 /* NetworkManager.swift */ = {isa = PBXFileReference; lastKnownFileType = sourcecode.swift; path = NetworkManager.swift; sourceTree = "<group>"; };
		D99B3E112944ABEC00F3EAE8 /* NetworkManagable.swift */ = {isa = PBXFileReference; lastKnownFileType = sourcecode.swift; path = NetworkManagable.swift; sourceTree = "<group>"; };
		D99B3E132944AC0E00F3EAE8 /* NetworkServiceType.swift */ = {isa = PBXFileReference; lastKnownFileType = sourcecode.swift; path = NetworkServiceType.swift; sourceTree = "<group>"; };
		D99B3E152944AC2900F3EAE8 /* NetworkError.swift */ = {isa = PBXFileReference; lastKnownFileType = sourcecode.swift; path = NetworkError.swift; sourceTree = "<group>"; };
		D99B3E192944AC5F00F3EAE8 /* Data.swift */ = {isa = PBXFileReference; lastKnownFileType = sourcecode.swift; path = Data.swift; sourceTree = "<group>"; };
		D99B3E1D2944ADB600F3EAE8 /* ProductsAPI.swift */ = {isa = PBXFileReference; lastKnownFileType = sourcecode.swift; path = ProductsAPI.swift; sourceTree = "<group>"; };
		D99B3E1F2944ADFC00F3EAE8 /* ProductsRepository.swift */ = {isa = PBXFileReference; lastKnownFileType = sourcecode.swift; path = ProductsRepository.swift; sourceTree = "<group>"; };
		D99B3E212944AE1C00F3EAE8 /* ProductsRepositoryProtocol.swift */ = {isa = PBXFileReference; lastKnownFileType = sourcecode.swift; path = ProductsRepositoryProtocol.swift; sourceTree = "<group>"; };
		D99B3E262944AE9D00F3EAE8 /* ProductsResultResponse.swift */ = {isa = PBXFileReference; lastKnownFileType = sourcecode.swift; path = ProductsResultResponse.swift; sourceTree = "<group>"; };
		D99B3E282944AEB900F3EAE8 /* ProductResponse.swift */ = {isa = PBXFileReference; lastKnownFileType = sourcecode.swift; path = ProductResponse.swift; sourceTree = "<group>"; };
		D99B3E2C2944AFD100F3EAE8 /* Product.swift */ = {isa = PBXFileReference; lastKnownFileType = sourcecode.swift; path = Product.swift; sourceTree = "<group>"; };
		D99B3E2E2944B01B00F3EAE8 /* Typealias.swift */ = {isa = PBXFileReference; lastKnownFileType = sourcecode.swift; path = Typealias.swift; sourceTree = "<group>"; };
		D99B3E302944B03E00F3EAE8 /* ProductsViewModelProtocol.swift */ = {isa = PBXFileReference; lastKnownFileType = sourcecode.swift; path = ProductsViewModelProtocol.swift; sourceTree = "<group>"; };
		D99B3E322944B07500F3EAE8 /* ProductsViewModel.swift */ = {isa = PBXFileReference; lastKnownFileType = sourcecode.swift; path = ProductsViewModel.swift; sourceTree = "<group>"; };
		D99B3E352944B1D400F3EAE8 /* ProductsView.swift */ = {isa = PBXFileReference; lastKnownFileType = sourcecode.swift; path = ProductsView.swift; sourceTree = "<group>"; };
		D99B3E372944B1F500F3EAE8 /* DisplayStyle.swift */ = {isa = PBXFileReference; lastKnownFileType = sourcecode.swift; path = DisplayStyle.swift; sourceTree = "<group>"; };
		D99B3E3A2944B21F00F3EAE8 /* LoadingView.swift */ = {isa = PBXFileReference; lastKnownFileType = sourcecode.swift; path = LoadingView.swift; sourceTree = "<group>"; };
		D99B3E3C2944B26900F3EAE8 /* ProductsGridView.swift */ = {isa = PBXFileReference; lastKnownFileType = sourcecode.swift; path = ProductsGridView.swift; sourceTree = "<group>"; };
		D99B3E3E2944B28200F3EAE8 /* ProductDetailsView.swift */ = {isa = PBXFileReference; lastKnownFileType = sourcecode.swift; path = ProductDetailsView.swift; sourceTree = "<group>"; };
		D99B3E402944B29A00F3EAE8 /* ProductView.swift */ = {isa = PBXFileReference; lastKnownFileType = sourcecode.swift; path = ProductView.swift; sourceTree = "<group>"; };
		D99B3E422944B2AD00F3EAE8 /* ProductGridView.swift */ = {isa = PBXFileReference; lastKnownFileType = sourcecode.swift; path = ProductGridView.swift; sourceTree = "<group>"; };
		D99B3E442944B2C200F3EAE8 /* ProductsListView.swift */ = {isa = PBXFileReference; lastKnownFileType = sourcecode.swift; path = ProductsListView.swift; sourceTree = "<group>"; };
		D99B3E462944B2F600F3EAE8 /* Date.swift */ = {isa = PBXFileReference; lastKnownFileType = sourcecode.swift; path = Date.swift; sourceTree = "<group>"; };
		DE99CAB8B35B9046F27A5277 /* Pods_AmazonDynamo.framework */ = {isa = PBXFileReference; explicitFileType = wrapper.framework; includeInIndex = 0; path = Pods_AmazonDynamo.framework; sourceTree = BUILT_PRODUCTS_DIR; };
/* End PBXFileReference section */

/* Begin PBXFrameworksBuildPhase section */
		D99B3DEE2944A75300F3EAE8 /* Frameworks */ = {
			isa = PBXFrameworksBuildPhase;
			buildActionMask = 2147483647;
			files = (
				57BD7FA3947BF1C06EB20603 /* Pods_AmazonDynamo.framework in Frameworks */,
			);
			runOnlyForDeploymentPostprocessing = 0;
		};
/* End PBXFrameworksBuildPhase section */

/* Begin PBXGroup section */
		1CAF31359272145F19E6F554 /* Pods */ = {
			isa = PBXGroup;
			children = (
				71A0210296B7A296E6B79120 /* Pods-AmazonDynamo.debug.xcconfig */,
				5BEBE069022BD0527BD84351 /* Pods-AmazonDynamo.release.xcconfig */,
			);
			path = Pods;
			sourceTree = "<group>";
		};
		CD616C735D477B335948B013 /* Frameworks */ = {
			isa = PBXGroup;
			children = (
				DE99CAB8B35B9046F27A5277 /* Pods_AmazonDynamo.framework */,
			);
			name = Frameworks;
			sourceTree = "<group>";
		};
		D99B3DE82944A75300F3EAE8 = {
			isa = PBXGroup;
			children = (
				D99B3DF32944A75300F3EAE8 /* AmazonDynamo */,
				D99B3DF22944A75300F3EAE8 /* Products */,
				1CAF31359272145F19E6F554 /* Pods */,
				CD616C735D477B335948B013 /* Frameworks */,
			);
			sourceTree = "<group>";
		};
		D99B3DF22944A75300F3EAE8 /* Products */ = {
			isa = PBXGroup;
			children = (
				D99B3DF12944A75300F3EAE8 /* AmazonDynamo.app */,
			);
			name = Products;
			sourceTree = "<group>";
		};
		D99B3DF32944A75300F3EAE8 /* AmazonDynamo */ = {
			isa = PBXGroup;
			children = (
				D99B3E022944A7D900F3EAE8 /* App */,
				D99B3E032944A80300F3EAE8 /* Resources */,
				D99B3E062944A84D00F3EAE8 /* Services */,
				D99B3E052944A84000F3EAE8 /* Core */,
				D99B3E072944A85800F3EAE8 /* Modules */,
				D99B3DFA2944A75600F3EAE8 /* Preview Content */,
			);
			path = AmazonDynamo;
			sourceTree = "<group>";
		};
		D99B3DFA2944A75600F3EAE8 /* Preview Content */ = {
			isa = PBXGroup;
			children = (
				D99B3DFB2944A75600F3EAE8 /* Preview Assets.xcassets */,
			);
			path = "Preview Content";
			sourceTree = "<group>";
		};
		D99B3E022944A7D900F3EAE8 /* App */ = {
			isa = PBXGroup;
			children = (
				D99B3DF42944A75300F3EAE8 /* AmazonDynamoApp.swift */,
			);
			path = App;
			sourceTree = "<group>";
		};
		D99B3E032944A80300F3EAE8 /* Resources */ = {
			isa = PBXGroup;
			children = (
				D99B3DF82944A75600F3EAE8 /* Assets.xcassets */,
			);
			path = Resources;
			sourceTree = "<group>";
		};
		D99B3E052944A84000F3EAE8 /* Core */ = {
			isa = PBXGroup;
			children = (
				D99B3E392944B21400F3EAE8 /* Custom Views */,
				D99B3E172944AC4C00F3EAE8 /* Extensions */,
				D99B3E0A2944AB7C00F3EAE8 /* Global */,
			);
			path = Core;
			sourceTree = "<group>";
		};
		D99B3E062944A84D00F3EAE8 /* Services */ = {
			isa = PBXGroup;
			children = (
				D99B3E082944AB4500F3EAE8 /* Remote */,
			);
			path = Services;
			sourceTree = "<group>";
		};
		D99B3E072944A85800F3EAE8 /* Modules */ = {
			isa = PBXGroup;
			children = (
				D99B3E232944AE3100F3EAE8 /* Products */,
			);
			path = Modules;
			sourceTree = "<group>";
		};
		D99B3E082944AB4500F3EAE8 /* Remote */ = {
			isa = PBXGroup;
			children = (
				D99B3E092944AB4A00F3EAE8 /* Network */,
			);
			path = Remote;
			sourceTree = "<group>";
		};
		D99B3E092944AB4A00F3EAE8 /* Network */ = {
			isa = PBXGroup;
			children = (
				D99B3E1B2944ADA100F3EAE8 /* Modules */,
				D99B3E0D2944ABB800F3EAE8 /* Base */,
			);
			path = Network;
			sourceTree = "<group>";
		};
		D99B3E0A2944AB7C00F3EAE8 /* Global */ = {
			isa = PBXGroup;
			children = (
				D99B3E0B2944ABA100F3EAE8 /* Methods.swift */,
				D99B3E2E2944B01B00F3EAE8 /* Typealias.swift */,
			);
			path = Global;
			sourceTree = "<group>";
		};
		D99B3E0D2944ABB800F3EAE8 /* Base */ = {
			isa = PBXGroup;
			children = (
				D99B3E132944AC0E00F3EAE8 /* NetworkServiceType.swift */,
				D99B3E152944AC2900F3EAE8 /* NetworkError.swift */,
				D99B3E0E2944ABBD00F3EAE8 /* Manager */,
			);
			path = Base;
			sourceTree = "<group>";
		};
		D99B3E0E2944ABBD00F3EAE8 /* Manager */ = {
			isa = PBXGroup;
			children = (
				D99B3E112944ABEC00F3EAE8 /* NetworkManagable.swift */,
				D99B3E0F2944ABCB00F3EAE8 /* NetworkManager.swift */,
			);
			path = Manager;
			sourceTree = "<group>";
		};
		D99B3E172944AC4C00F3EAE8 /* Extensions */ = {
			isa = PBXGroup;
			children = (
				D99B3E182944AC5600F3EAE8 /* Foundation */,
			);
			path = Extensions;
			sourceTree = "<group>";
		};
		D99B3E182944AC5600F3EAE8 /* Foundation */ = {
			isa = PBXGroup;
			children = (
				D99B3E192944AC5F00F3EAE8 /* Data.swift */,
				D99B3E462944B2F600F3EAE8 /* Date.swift */,
			);
			path = Foundation;
			sourceTree = "<group>";
		};
		D99B3E1B2944ADA100F3EAE8 /* Modules */ = {
			isa = PBXGroup;
			children = (
				D99B3E1C2944ADA700F3EAE8 /* Products */,
			);
			path = Modules;
			sourceTree = "<group>";
		};
		D99B3E1C2944ADA700F3EAE8 /* Products */ = {
			isa = PBXGroup;
			children = (
				D99B3E252944AE7600F3EAE8 /* Models */,
				D99B3E242944AE6E00F3EAE8 /* API */,
			);
			path = Products;
			sourceTree = "<group>";
		};
		D99B3E232944AE3100F3EAE8 /* Products */ = {
			isa = PBXGroup;
			children = (
				D99B3E2B2944AFC000F3EAE8 /* Models */,
				D99B3E2A2944AFB800F3EAE8 /* ViewModel */,
				D99B3E342944B1BE00F3EAE8 /* View */,
			);
			path = Products;
			sourceTree = "<group>";
		};
		D99B3E242944AE6E00F3EAE8 /* API */ = {
			isa = PBXGroup;
			children = (
				D99B3E1D2944ADB600F3EAE8 /* ProductsAPI.swift */,
				D99B3E212944AE1C00F3EAE8 /* ProductsRepositoryProtocol.swift */,
				D99B3E1F2944ADFC00F3EAE8 /* ProductsRepository.swift */,
			);
			path = API;
			sourceTree = "<group>";
		};
		D99B3E252944AE7600F3EAE8 /* Models */ = {
			isa = PBXGroup;
			children = (
				D99B3E282944AEB900F3EAE8 /* ProductResponse.swift */,
				D99B3E262944AE9D00F3EAE8 /* ProductsResultResponse.swift */,
			);
			path = Models;
			sourceTree = "<group>";
		};
		D99B3E2A2944AFB800F3EAE8 /* ViewModel */ = {
			isa = PBXGroup;
			children = (
				D99B3E302944B03E00F3EAE8 /* ProductsViewModelProtocol.swift */,
				D99B3E322944B07500F3EAE8 /* ProductsViewModel.swift */,
			);
			path = ViewModel;
			sourceTree = "<group>";
		};
		D99B3E2B2944AFC000F3EAE8 /* Models */ = {
			isa = PBXGroup;
			children = (
				D99B3E2C2944AFD100F3EAE8 /* Product.swift */,
				D99B3E372944B1F500F3EAE8 /* DisplayStyle.swift */,
			);
			path = Models;
			sourceTree = "<group>";
		};
		D99B3E342944B1BE00F3EAE8 /* View */ = {
			isa = PBXGroup;
			children = (
				D99B3E352944B1D400F3EAE8 /* ProductsView.swift */,
				D99B3E3C2944B26900F3EAE8 /* ProductsGridView.swift */,
				D99B3E3E2944B28200F3EAE8 /* ProductDetailsView.swift */,
				D99B3E402944B29A00F3EAE8 /* ProductView.swift */,
				D99B3E422944B2AD00F3EAE8 /* ProductGridView.swift */,
				D99B3E442944B2C200F3EAE8 /* ProductsListView.swift */,
			);
			path = View;
			sourceTree = "<group>";
		};
		D99B3E392944B21400F3EAE8 /* Custom Views */ = {
			isa = PBXGroup;
			children = (
				D99B3E3A2944B21F00F3EAE8 /* LoadingView.swift */,
			);
			path = "Custom Views";
			sourceTree = "<group>";
		};
/* End PBXGroup section */

/* Begin PBXNativeTarget section */
		D99B3DF02944A75300F3EAE8 /* AmazonDynamo */ = {
			isa = PBXNativeTarget;
			buildConfigurationList = D99B3DFF2944A75600F3EAE8 /* Build configuration list for PBXNativeTarget "AmazonDynamo" */;
			buildPhases = (
				01B53A62ADBE71207DC625B0 /* [CP] Check Pods Manifest.lock */,
				D99B3DED2944A75300F3EAE8 /* Sources */,
				D99B3DEE2944A75300F3EAE8 /* Frameworks */,
				D99B3DEF2944A75300F3EAE8 /* Resources */,
				DC4969D701C0FB52C2FAFB55 /* [CP] Embed Pods Frameworks */,
			);
			buildRules = (
			);
			dependencies = (
			);
			name = AmazonDynamo;
			productName = AmazonDynamo;
			productReference = D99B3DF12944A75300F3EAE8 /* AmazonDynamo.app */;
			productType = "com.apple.product-type.application";
		};
/* End PBXNativeTarget section */

/* Begin PBXProject section */
		D99B3DE92944A75300F3EAE8 /* Project object */ = {
			isa = PBXProject;
			attributes = {
				BuildIndependentTargetsInParallel = 1;
				LastSwiftUpdateCheck = 1410;
				LastUpgradeCheck = 1410;
				ORGANIZATIONNAME = "Mohamed Shimy";
				TargetAttributes = {
					D99B3DF02944A75300F3EAE8 = {
						CreatedOnToolsVersion = 14.1;
					};
				};
			};
			buildConfigurationList = D99B3DEC2944A75300F3EAE8 /* Build configuration list for PBXProject "AmazonDynamo" */;
			compatibilityVersion = "Xcode 13.0";
			developmentRegion = en;
			hasScannedForEncodings = 0;
			knownRegions = (
				en,
				Base,
			);
			mainGroup = D99B3DE82944A75300F3EAE8;
			productRefGroup = D99B3DF22944A75300F3EAE8 /* Products */;
			projectDirPath = "";
			projectRoot = "";
			targets = (
				D99B3DF02944A75300F3EAE8 /* AmazonDynamo */,
			);
		};
/* End PBXProject section */

/* Begin PBXResourcesBuildPhase section */
		D99B3DEF2944A75300F3EAE8 /* Resources */ = {
			isa = PBXResourcesBuildPhase;
			buildActionMask = 2147483647;
			files = (
				D99B3DFC2944A75600F3EAE8 /* Preview Assets.xcassets in Resources */,
				D99B3DF92944A75600F3EAE8 /* Assets.xcassets in Resources */,
			);
			runOnlyForDeploymentPostprocessing = 0;
		};
/* End PBXResourcesBuildPhase section */

/* Begin PBXShellScriptBuildPhase section */
		01B53A62ADBE71207DC625B0 /* [CP] Check Pods Manifest.lock */ = {
			isa = PBXShellScriptBuildPhase;
			buildActionMask = 2147483647;
			files = (
			);
			inputFileListPaths = (
			);
			inputPaths = (
				"${PODS_PODFILE_DIR_PATH}/Podfile.lock",
				"${PODS_ROOT}/Manifest.lock",
			);
			name = "[CP] Check Pods Manifest.lock";
			outputFileListPaths = (
			);
			outputPaths = (
				"$(DERIVED_FILE_DIR)/Pods-AmazonDynamo-checkManifestLockResult.txt",
			);
			runOnlyForDeploymentPostprocessing = 0;
			shellPath = /bin/sh;
			shellScript = "diff \"${PODS_PODFILE_DIR_PATH}/Podfile.lock\" \"${PODS_ROOT}/Manifest.lock\" > /dev/null\nif [ $? != 0 ] ; then\n    # print error to STDERR\n    echo \"error: The sandbox is not in sync with the Podfile.lock. Run 'pod install' or update your CocoaPods installation.\" >&2\n    exit 1\nfi\n# This output is used by Xcode 'outputs' to avoid re-running this script phase.\necho \"SUCCESS\" > \"${SCRIPT_OUTPUT_FILE_0}\"\n";
			showEnvVarsInLog = 0;
		};
		DC4969D701C0FB52C2FAFB55 /* [CP] Embed Pods Frameworks */ = {
			isa = PBXShellScriptBuildPhase;
			buildActionMask = 2147483647;
			files = (
			);
			inputFileListPaths = (
				"${PODS_ROOT}/Target Support Files/Pods-AmazonDynamo/Pods-AmazonDynamo-frameworks-${CONFIGURATION}-input-files.xcfilelist",
			);
			name = "[CP] Embed Pods Frameworks";
			outputFileListPaths = (
				"${PODS_ROOT}/Target Support Files/Pods-AmazonDynamo/Pods-AmazonDynamo-frameworks-${CONFIGURATION}-output-files.xcfilelist",
			);
			runOnlyForDeploymentPostprocessing = 0;
			shellPath = /bin/sh;
			shellScript = "\"${PODS_ROOT}/Target Support Files/Pods-AmazonDynamo/Pods-AmazonDynamo-frameworks.sh\"\n";
			showEnvVarsInLog = 0;
		};
/* End PBXShellScriptBuildPhase section */

/* Begin PBXSourcesBuildPhase section */
		D99B3DED2944A75300F3EAE8 /* Sources */ = {
			isa = PBXSourcesBuildPhase;
			buildActionMask = 2147483647;
			files = (
				D99B3E432944B2AD00F3EAE8 /* ProductGridView.swift in Sources */,
				D99B3E292944AEB900F3EAE8 /* ProductResponse.swift in Sources */,
				D99B3E202944ADFC00F3EAE8 /* ProductsRepository.swift in Sources */,
				D99B3E332944B07500F3EAE8 /* ProductsViewModel.swift in Sources */,
				D99B3E102944ABCB00F3EAE8 /* NetworkManager.swift in Sources */,
				D99B3E0C2944ABA100F3EAE8 /* Methods.swift in Sources */,
				D99B3E472944B2F600F3EAE8 /* Date.swift in Sources */,
				D99B3E1E2944ADB600F3EAE8 /* ProductsAPI.swift in Sources */,
				D99B3E382944B1F500F3EAE8 /* DisplayStyle.swift in Sources */,
				D99B3E1A2944AC5F00F3EAE8 /* Data.swift in Sources */,
				D99B3E2F2944B01B00F3EAE8 /* Typealias.swift in Sources */,
				D99B3DF52944A75300F3EAE8 /* AmazonDynamoApp.swift in Sources */,
				D99B3E162944AC2900F3EAE8 /* NetworkError.swift in Sources */,
				D99B3E3F2944B28200F3EAE8 /* ProductDetailsView.swift in Sources */,
				D99B3E142944AC0E00F3EAE8 /* NetworkServiceType.swift in Sources */,
				D99B3E222944AE1C00F3EAE8 /* ProductsRepositoryProtocol.swift in Sources */,
				D99B3E362944B1D400F3EAE8 /* ProductsView.swift in Sources */,
				D99B3E3D2944B26900F3EAE8 /* ProductsGridView.swift in Sources */,
				D99B3E122944ABEC00F3EAE8 /* NetworkManagable.swift in Sources */,
				D99B3E272944AE9D00F3EAE8 /* ProductsResultResponse.swift in Sources */,
				D99B3E412944B29A00F3EAE8 /* ProductView.swift in Sources */,
				D99B3E452944B2C200F3EAE8 /* ProductsListView.swift in Sources */,
				D99B3E312944B03E00F3EAE8 /* ProductsViewModelProtocol.swift in Sources */,
				D99B3E3B2944B21F00F3EAE8 /* LoadingView.swift in Sources */,
				D99B3E2D2944AFD200F3EAE8 /* Product.swift in Sources */,
			);
			runOnlyForDeploymentPostprocessing = 0;
		};
/* End PBXSourcesBuildPhase section */

/* Begin XCBuildConfiguration section */
		D99B3DFD2944A75600F3EAE8 /* Debug */ = {
			isa = XCBuildConfiguration;
			buildSettings = {
				ALWAYS_SEARCH_USER_PATHS = NO;
				CLANG_ANALYZER_NONNULL = YES;
				CLANG_ANALYZER_NUMBER_OBJECT_CONVERSION = YES_AGGRESSIVE;
				CLANG_CXX_LANGUAGE_STANDARD = "gnu++20";
				CLANG_ENABLE_MODULES = YES;
				CLANG_ENABLE_OBJC_ARC = YES;
				CLANG_ENABLE_OBJC_WEAK = YES;
				CLANG_WARN_BLOCK_CAPTURE_AUTORELEASING = YES;
				CLANG_WARN_BOOL_CONVERSION = YES;
				CLANG_WARN_COMMA = YES;
				CLANG_WARN_CONSTANT_CONVERSION = YES;
				CLANG_WARN_DEPRECATED_OBJC_IMPLEMENTATIONS = YES;
				CLANG_WARN_DIRECT_OBJC_ISA_USAGE = YES_ERROR;
				CLANG_WARN_DOCUMENTATION_COMMENTS = YES;
				CLANG_WARN_EMPTY_BODY = YES;
				CLANG_WARN_ENUM_CONVERSION = YES;
				CLANG_WARN_INFINITE_RECURSION = YES;
				CLANG_WARN_INT_CONVERSION = YES;
				CLANG_WARN_NON_LITERAL_NULL_CONVERSION = YES;
				CLANG_WARN_OBJC_IMPLICIT_RETAIN_SELF = YES;
				CLANG_WARN_OBJC_LITERAL_CONVERSION = YES;
				CLANG_WARN_OBJC_ROOT_CLASS = YES_ERROR;
				CLANG_WARN_QUOTED_INCLUDE_IN_FRAMEWORK_HEADER = YES;
				CLANG_WARN_RANGE_LOOP_ANALYSIS = YES;
				CLANG_WARN_STRICT_PROTOTYPES = YES;
				CLANG_WARN_SUSPICIOUS_MOVE = YES;
				CLANG_WARN_UNGUARDED_AVAILABILITY = YES_AGGRESSIVE;
				CLANG_WARN_UNREACHABLE_CODE = YES;
				CLANG_WARN__DUPLICATE_METHOD_MATCH = YES;
				COPY_PHASE_STRIP = NO;
				DEBUG_INFORMATION_FORMAT = dwarf;
				ENABLE_STRICT_OBJC_MSGSEND = YES;
				ENABLE_TESTABILITY = YES;
				GCC_C_LANGUAGE_STANDARD = gnu11;
				GCC_DYNAMIC_NO_PIC = NO;
				GCC_NO_COMMON_BLOCKS = YES;
				GCC_OPTIMIZATION_LEVEL = 0;
				GCC_PREPROCESSOR_DEFINITIONS = (
					"DEBUG=1",
					"$(inherited)",
				);
				GCC_WARN_64_TO_32_BIT_CONVERSION = YES;
				GCC_WARN_ABOUT_RETURN_TYPE = YES_ERROR;
				GCC_WARN_UNDECLARED_SELECTOR = YES;
				GCC_WARN_UNINITIALIZED_AUTOS = YES_AGGRESSIVE;
				GCC_WARN_UNUSED_FUNCTION = YES;
				GCC_WARN_UNUSED_VARIABLE = YES;
				IPHONEOS_DEPLOYMENT_TARGET = 16.1;
				MTL_ENABLE_DEBUG_INFO = INCLUDE_SOURCE;
				MTL_FAST_MATH = YES;
				ONLY_ACTIVE_ARCH = YES;
				SDKROOT = iphoneos;
				SWIFT_ACTIVE_COMPILATION_CONDITIONS = DEBUG;
				SWIFT_OPTIMIZATION_LEVEL = "-Onone";
			};
			name = Debug;
		};
		D99B3DFE2944A75600F3EAE8 /* Release */ = {
			isa = XCBuildConfiguration;
			buildSettings = {
				ALWAYS_SEARCH_USER_PATHS = NO;
				CLANG_ANALYZER_NONNULL = YES;
				CLANG_ANALYZER_NUMBER_OBJECT_CONVERSION = YES_AGGRESSIVE;
				CLANG_CXX_LANGUAGE_STANDARD = "gnu++20";
				CLANG_ENABLE_MODULES = YES;
				CLANG_ENABLE_OBJC_ARC = YES;
				CLANG_ENABLE_OBJC_WEAK = YES;
				CLANG_WARN_BLOCK_CAPTURE_AUTORELEASING = YES;
				CLANG_WARN_BOOL_CONVERSION = YES;
				CLANG_WARN_COMMA = YES;
				CLANG_WARN_CONSTANT_CONVERSION = YES;
				CLANG_WARN_DEPRECATED_OBJC_IMPLEMENTATIONS = YES;
				CLANG_WARN_DIRECT_OBJC_ISA_USAGE = YES_ERROR;
				CLANG_WARN_DOCUMENTATION_COMMENTS = YES;
				CLANG_WARN_EMPTY_BODY = YES;
				CLANG_WARN_ENUM_CONVERSION = YES;
				CLANG_WARN_INFINITE_RECURSION = YES;
				CLANG_WARN_INT_CONVERSION = YES;
				CLANG_WARN_NON_LITERAL_NULL_CONVERSION = YES;
				CLANG_WARN_OBJC_IMPLICIT_RETAIN_SELF = YES;
				CLANG_WARN_OBJC_LITERAL_CONVERSION = YES;
				CLANG_WARN_OBJC_ROOT_CLASS = YES_ERROR;
				CLANG_WARN_QUOTED_INCLUDE_IN_FRAMEWORK_HEADER = YES;
				CLANG_WARN_RANGE_LOOP_ANALYSIS = YES;
				CLANG_WARN_STRICT_PROTOTYPES = YES;
				CLANG_WARN_SUSPICIOUS_MOVE = YES;
				CLANG_WARN_UNGUARDED_AVAILABILITY = YES_AGGRESSIVE;
				CLANG_WARN_UNREACHABLE_CODE = YES;
				CLANG_WARN__DUPLICATE_METHOD_MATCH = YES;
				COPY_PHASE_STRIP = NO;
				DEBUG_INFORMATION_FORMAT = "dwarf-with-dsym";
				ENABLE_NS_ASSERTIONS = NO;
				ENABLE_STRICT_OBJC_MSGSEND = YES;
				GCC_C_LANGUAGE_STANDARD = gnu11;
				GCC_NO_COMMON_BLOCKS = YES;
				GCC_WARN_64_TO_32_BIT_CONVERSION = YES;
				GCC_WARN_ABOUT_RETURN_TYPE = YES_ERROR;
				GCC_WARN_UNDECLARED_SELECTOR = YES;
				GCC_WARN_UNINITIALIZED_AUTOS = YES_AGGRESSIVE;
				GCC_WARN_UNUSED_FUNCTION = YES;
				GCC_WARN_UNUSED_VARIABLE = YES;
				IPHONEOS_DEPLOYMENT_TARGET = 16.1;
				MTL_ENABLE_DEBUG_INFO = NO;
				MTL_FAST_MATH = YES;
				SDKROOT = iphoneos;
				SWIFT_COMPILATION_MODE = wholemodule;
				SWIFT_OPTIMIZATION_LEVEL = "-O";
				VALIDATE_PRODUCT = YES;
			};
			name = Release;
		};
		D99B3E002944A75600F3EAE8 /* Debug */ = {
			isa = XCBuildConfiguration;
			baseConfigurationReference = 71A0210296B7A296E6B79120 /* Pods-AmazonDynamo.debug.xcconfig */;
			buildSettings = {
				ASSETCATALOG_COMPILER_APPICON_NAME = AppIcon;
				ASSETCATALOG_COMPILER_GLOBAL_ACCENT_COLOR_NAME = AccentColor;
				CODE_SIGN_STYLE = Automatic;
				CURRENT_PROJECT_VERSION = 1;
				DEVELOPMENT_ASSET_PATHS = "\"AmazonDynamo/Preview Content\"";
				DEVELOPMENT_TEAM = 57CN6FH4FY;
				ENABLE_PREVIEWS = YES;
				GENERATE_INFOPLIST_FILE = YES;
				INFOPLIST_KEY_UIApplicationSceneManifest_Generation = YES;
				INFOPLIST_KEY_UIApplicationSupportsIndirectInputEvents = YES;
				INFOPLIST_KEY_UILaunchScreen_Generation = YES;
				INFOPLIST_KEY_UISupportedInterfaceOrientations_iPad = "UIInterfaceOrientationPortrait UIInterfaceOrientationPortraitUpsideDown UIInterfaceOrientationLandscapeLeft UIInterfaceOrientationLandscapeRight";
				INFOPLIST_KEY_UISupportedInterfaceOrientations_iPhone = "UIInterfaceOrientationPortrait UIInterfaceOrientationLandscapeLeft UIInterfaceOrientationLandscapeRight";
				LD_RUNPATH_SEARCH_PATHS = (
					"$(inherited)",
					"@executable_path/Frameworks",
				);
				MARKETING_VERSION = 1.0;
				PRODUCT_BUNDLE_IDENTIFIER = com.shemy.AmazonDynamo;
				PRODUCT_NAME = "$(TARGET_NAME)";
				SWIFT_EMIT_LOC_STRINGS = YES;
				SWIFT_VERSION = 5.0;
				TARGETED_DEVICE_FAMILY = "1,2";
			};
			name = Debug;
		};
		D99B3E012944A75600F3EAE8 /* Release */ = {
			isa = XCBuildConfiguration;
			baseConfigurationReference = 5BEBE069022BD0527BD84351 /* Pods-AmazonDynamo.release.xcconfig */;
			buildSettings = {
				ASSETCATALOG_COMPILER_APPICON_NAME = AppIcon;
				ASSETCATALOG_COMPILER_GLOBAL_ACCENT_COLOR_NAME = AccentColor;
				CODE_SIGN_STYLE = Automatic;
				CURRENT_PROJECT_VERSION = 1;
				DEVELOPMENT_ASSET_PATHS = "\"AmazonDynamo/Preview Content\"";
				DEVELOPMENT_TEAM = 57CN6FH4FY;
				ENABLE_PREVIEWS = YES;
				GENERATE_INFOPLIST_FILE = YES;
				INFOPLIST_KEY_UIApplicationSceneManifest_Generation = YES;
				INFOPLIST_KEY_UIApplicationSupportsIndirectInputEvents = YES;
				INFOPLIST_KEY_UILaunchScreen_Generation = YES;
				INFOPLIST_KEY_UISupportedInterfaceOrientations_iPad = "UIInterfaceOrientationPortrait UIInterfaceOrientationPortraitUpsideDown UIInterfaceOrientationLandscapeLeft UIInterfaceOrientationLandscapeRight";
				INFOPLIST_KEY_UISupportedInterfaceOrientations_iPhone = "UIInterfaceOrientationPortrait UIInterfaceOrientationLandscapeLeft UIInterfaceOrientationLandscapeRight";
				LD_RUNPATH_SEARCH_PATHS = (
					"$(inherited)",
					"@executable_path/Frameworks",
				);
				MARKETING_VERSION = 1.0;
				PRODUCT_BUNDLE_IDENTIFIER = com.shemy.AmazonDynamo;
				PRODUCT_NAME = "$(TARGET_NAME)";
				SWIFT_EMIT_LOC_STRINGS = YES;
				SWIFT_VERSION = 5.0;
				TARGETED_DEVICE_FAMILY = "1,2";
			};
			name = Release;
		};
/* End XCBuildConfiguration section */

/* Begin XCConfigurationList section */
		D99B3DEC2944A75300F3EAE8 /* Build configuration list for PBXProject "AmazonDynamo" */ = {
			isa = XCConfigurationList;
			buildConfigurations = (
				D99B3DFD2944A75600F3EAE8 /* Debug */,
				D99B3DFE2944A75600F3EAE8 /* Release */,
			);
			defaultConfigurationIsVisible = 0;
			defaultConfigurationName = Release;
		};
		D99B3DFF2944A75600F3EAE8 /* Build configuration list for PBXNativeTarget "AmazonDynamo" */ = {
			isa = XCConfigurationList;
			buildConfigurations = (
				D99B3E002944A75600F3EAE8 /* Debug */,
				D99B3E012944A75600F3EAE8 /* Release */,
			);
			defaultConfigurationIsVisible = 0;
			defaultConfigurationName = Release;
		};
/* End XCConfigurationList section */
	};
	rootObject = D99B3DE92944A75300F3EAE8 /* Project object */;
}
